
Microsoft Visual Studio Solution File, Format Version 12.00
# Visual Studio 15
VisualStudioVersion = 15.0.28307.489
MinimumVisualStudioVersion = 10.0.40219.1
Project("{FAE04EC0-301F-11D3-BF4B-00C04F79EFBC}") = "FoodIdentifier.Android", "FoodIdentifier\FoodIdentifier.Android\FoodIdentifier.Android.csproj", "{C9F3C4A0-DFE3-4749-9877-DAB6183D6632}"
EndProject
Project("{FAE04EC0-301F-11D3-BF4B-00C04F79EFBC}") = "FoodIdentifier.iOS", "FoodIdentifier\FoodIdentifier.iOS\FoodIdentifier.iOS.csproj", "{7285C206-00A7-421A-9C5E-E1A5D43705C7}"
EndProject
Project("{FAE04EC0-301F-11D3-BF4B-00C04F79EFBC}") = "FoodIdentifier", "FoodIdentifier\FoodIdentifier\FoodIdentifier.csproj", "{88E8B769-784B-4D89-9C7B-2967C9126270}"
EndProject
Global
	GlobalSection(SolutionConfigurationPlatforms) = preSolution
		Ad-Hoc|Any CPU = Ad-Hoc|Any CPU
		Ad-Hoc|iPhone = Ad-Hoc|iPhone
		Ad-Hoc|iPhoneSimulator = Ad-Hoc|iPhoneSimulator
		AppStore|Any CPU = AppStore|Any CPU
		AppStore|iPhone = AppStore|iPhone
		AppStore|iPhoneSimulator = AppStore|iPhoneSimulator
		Debug|Any CPU = Debug|Any CPU
		Debug|iPhone = Debug|iPhone
		Debug|iPhoneSimulator = Debug|iPhoneSimulator
		Release|Any CPU = Release|Any CPU
		Release|iPhone = Release|iPhone
		Release|iPhoneSimulator = Release|iPhoneSimulator
	EndGlobalSection
	GlobalSection(ProjectConfigurationPlatforms) = postSolution
		{C9F3C4A0-DFE3-4749-9877-DAB6183D6632}.Ad-Hoc|Any CPU.ActiveCfg = Release|Any CPU
		{C9F3C4A0-DFE3-4749-9877-DAB6183D6632}.Ad-Hoc|Any CPU.Build.0 = Release|Any CPU
		{C9F3C4A0-DFE3-4749-9877-DAB6183D6632}.Ad-Hoc|Any CPU.Deploy.0 = Release|Any CPU
		{C9F3C4A0-DFE3-4749-9877-DAB6183D6632}.Ad-Hoc|iPhone.ActiveCfg = Release|Any CPU
		{C9F3C4A0-DFE3-4749-9877-DAB6183D6632}.Ad-Hoc|iPhone.Build.0 = Release|Any CPU
		{C9F3C4A0-DFE3-4749-9877-DAB6183D6632}.Ad-Hoc|iPhone.Deploy.0 = Release|Any CPU
		{C9F3C4A0-DFE3-4749-9877-DAB6183D6632}.Ad-Hoc|iPhoneSimulator.ActiveCfg = Release|Any CPU
		{C9F3C4A0-DFE3-4749-9877-DAB6183D6632}.Ad-Hoc|iPhoneSimulator.Build.0 = Release|Any CPU
		{C9F3C4A0-DFE3-4749-9877-DAB6183D6632}.Ad-Hoc|iPhoneSimulator.Deploy.0 = Release|Any CPU
		{C9F3C4A0-DFE3-4749-9877-DAB6183D6632}.AppStore|Any CPU.ActiveCfg = Release|Any CPU
		{C9F3C4A0-DFE3-4749-9877-DAB6183D6632}.AppStore|Any CPU.Build.0 = Release|Any CPU
		{C9F3C4A0-DFE3-4749-9877-DAB6183D6632}.AppStore|Any CPU.Deploy.0 = Release|Any CPU
		{C9F3C4A0-DFE3-4749-9877-DAB6183D6632}.AppStore|iPhone.ActiveCfg = Release|Any CPU
		{C9F3C4A0-DFE3-4749-9877-DAB6183D6632}.AppStore|iPhone.Build.0 = Release|Any CPU
		{C9F3C4A0-DFE3-4749-9877-DAB6183D6632}.AppStore|iPhone.Deploy.0 = Release|Any CPU
		{C9F3C4A0-DFE3-4749-9877-DAB6183D6632}.AppStore|iPhoneSimulator.ActiveCfg = Release|Any CPU
		{C9F3C4A0-DFE3-4749-9877-DAB6183D6632}.AppStore|iPhoneSimulator.Build.0 = Release|Any CPU
		{C9F3C4A0-DFE3-4749-9877-DAB6183D6632}.AppStore|iPhoneSimulator.Deploy.0 = Release|Any CPU
		{C9F3C4A0-DFE3-4749-9877-DAB6183D6632}.Debug|Any CPU.ActiveCfg = Debug|Any CPU
		{C9F3C4A0-DFE3-4749-9877-DAB6183D6632}.Debug|Any CPU.Build.0 = Debug|Any CPU
		{C9F3C4A0-DFE3-4749-9877-DAB6183D6632}.Debug|Any CPU.Deploy.0 = Debug|Any CPU
		{C9F3C4A0-DFE3-4749-9877-DAB6183D6632}.Debug|iPhone.ActiveCfg = Debug|Any CPU
		{C9F3C4A0-DFE3-4749-9877-DAB6183D6632}.Debug|iPhone.Build.0 = Debug|Any CPU
		{C9F3C4A0-DFE3-4749-9877-DAB6183D6632}.Debug|iPhone.Deploy.0 = Debug|Any CPU
		{C9F3C4A0-DFE3-4749-9877-DAB6183D6632}.Debug|iPhoneSimulator.ActiveCfg = Debug|Any CPU
		{C9F3C4A0-DFE3-4749-9877-DAB6183D6632}.Debug|iPhoneSimulator.Build.0 = Debug|Any CPU
		{C9F3C4A0-DFE3-4749-9877-DAB6183D6632}.Debug|iPhoneSimulator.Deploy.0 = Debug|Any CPU
		{C9F3C4A0-DFE3-4749-9877-DAB6183D6632}.Release|Any CPU.ActiveCfg = Release|Any CPU
		{C9F3C4A0-DFE3-4749-9877-DAB6183D6632}.Release|Any CPU.Build.0 = Release|Any CPU
		{C9F3C4A0-DFE3-4749-9877-DAB6183D6632}.Release|Any CPU.Deploy.0 = Release|Any CPU
		{C9F3C4A0-DFE3-4749-9877-DAB6183D6632}.Release|iPhone.ActiveCfg = Release|Any CPU
		{C9F3C4A0-DFE3-4749-9877-DAB6183D6632}.Release|iPhone.Build.0 = Release|Any CPU
		{C9F3C4A0-DFE3-4749-9877-DAB6183D6632}.Release|iPhone.Deploy.0 = Release|Any CPU
		{C9F3C4A0-DFE3-4749-9877-DAB6183D6632}.Release|iPhoneSimulator.ActiveCfg = Release|Any CPU
		{C9F3C4A0-DFE3-4749-9877-DAB6183D6632}.Release|iPhoneSimulator.Build.0 = Release|Any CPU
		{C9F3C4A0-DFE3-4749-9877-DAB6183D6632}.Release|iPhoneSimulator.Deploy.0 = Release|Any CPU
		{7285C206-00A7-421A-9C5E-E1A5D43705C7}.Ad-Hoc|Any CPU.ActiveCfg = Ad-Hoc|iPhone
		{7285C206-00A7-421A-9C5E-E1A5D43705C7}.Ad-Hoc|Any CPU.Build.0 = Ad-Hoc|iPhone
		{7285C206-00A7-421A-9C5E-E1A5D43705C7}.Ad-Hoc|Any CPU.Deploy.0 = Ad-Hoc|iPhone
		{7285C206-00A7-421A-9C5E-E1A5D43705C7}.Ad-Hoc|iPhone.ActiveCfg = Ad-Hoc|iPhone
		{7285C206-00A7-421A-9C5E-E1A5D43705C7}.Ad-Hoc|iPhone.Build.0 = Ad-Hoc|iPhone
		{7285C206-00A7-421A-9C5E-E1A5D43705C7}.Ad-Hoc|iPhone.Deploy.0 = Ad-Hoc|iPhone
		{7285C206-00A7-421A-9C5E-E1A5D43705C7}.Ad-Hoc|iPhoneSimulator.ActiveCfg = Ad-Hoc|iPhoneSimulator
		{7285C206-00A7-421A-9C5E-E1A5D43705C7}.Ad-Hoc|iPhoneSimulator.Build.0 = Ad-Hoc|iPhoneSimulator
		{7285C206-00A7-421A-9C5E-E1A5D43705C7}.Ad-Hoc|iPhoneSimulator.Deploy.0 = Ad-Hoc|iPhoneSimulator
		{7285C206-00A7-421A-9C5E-E1A5D43705C7}.AppStore|Any CPU.ActiveCfg = AppStore|iPhone
		{7285C206-00A7-421A-9C5E-E1A5D43705C7}.AppStore|Any CPU.Build.0 = AppStore|iPhone
		{7285C206-00A7-421A-9C5E-E1A5D43705C7}.AppStore|Any CPU.Deploy.0 = AppStore|iPhone
		{7285C206-00A7-421A-9C5E-E1A5D43705C7}.AppStore|iPhone.ActiveCfg = AppStore|iPhone
		{7285C206-00A7-421A-9C5E-E1A5D43705C7}.AppStore|iPhone.Build.0 = AppStore|iPhone
		{7285C206-00A7-421A-9C5E-E1A5D43705C7}.AppStore|iPhone.Deploy.0 = AppStore|iPhone
		{7285C206-00A7-421A-9C5E-E1A5D43705C7}.AppStore|iPhoneSimulator.ActiveCfg = AppStore|iPhoneSimulator
		{7285C206-00A7-421A-9C5E-E1A5D43705C7}.AppStore|iPhoneSimulator.Build.0 = AppStore|iPhoneSimulator
		{7285C206-00A7-421A-9C5E-E1A5D43705C7}.AppStore|iPhoneSimulator.Deploy.0 = AppStore|iPhoneSimulator
		{7285C206-00A7-421A-9C5E-E1A5D43705C7}.Debug|Any CPU.ActiveCfg = Debug|iPhoneSimulator
		{7285C206-00A7-421A-9C5E-E1A5D43705C7}.Debug|Any CPU.Build.0 = Debug|iPhoneSimulator
		{7285C206-00A7-421A-9C5E-E1A5D43705C7}.Debug|Any CPU.Deploy.0 = Debug|iPhoneSimulator
		{7285C206-00A7-421A-9C5E-E1A5D43705C7}.Debug|iPhone.ActiveCfg = Debug|iPhone
		{7285C206-00A7-421A-9C5E-E1A5D43705C7}.Debug|iPhone.Build.0 = Debug|iPhone
		{7285C206-00A7-421A-9C5E-E1A5D43705C7}.Debug|iPhone.Deploy.0 = Debug|iPhone
		{7285C206-00A7-421A-9C5E-E1A5D43705C7}.Debug|iPhoneSimulator.ActiveCfg = Debug|iPhoneSimulator
		{7285C206-00A7-421A-9C5E-E1A5D43705C7}.Debug|iPhoneSimulator.Build.0 = Debug|iPhoneSimulator
		{7285C206-00A7-421A-9C5E-E1A5D43705C7}.Debug|iPhoneSimulator.Deploy.0 = Debug|iPhoneSimulator
		{7285C206-00A7-421A-9C5E-E1A5D43705C7}.Release|Any CPU.ActiveCfg = Release|iPhone
		{7285C206-00A7-421A-9C5E-E1A5D43705C7}.Release|Any CPU.Build.0 = Release|iPhone
		{7285C206-00A7-421A-9C5E-E1A5D43705C7}.Release|Any CPU.Deploy.0 = Release|iPhone
		{7285C206-00A7-421A-9C5E-E1A5D43705C7}.Release|iPhone.ActiveCfg = Release|iPhone
		{7285C206-00A7-421A-9C5E-E1A5D43705C7}.Release|iPhone.Build.0 = Release|iPhone
		{7285C206-00A7-421A-9C5E-E1A5D43705C7}.Release|iPhone.Deploy.0 = Release|iPhone
		{7285C206-00A7-421A-9C5E-E1A5D43705C7}.Release|iPhoneSimulator.ActiveCfg = Release|iPhoneSimulator
		{7285C206-00A7-421A-9C5E-E1A5D43705C7}.Release|iPhoneSimulator.Build.0 = Release|iPhoneSimulator
		{7285C206-00A7-421A-9C5E-E1A5D43705C7}.Release|iPhoneSimulator.Deploy.0 = Release|iPhoneSimulator
		{88E8B769-784B-4D89-9C7B-2967C9126270}.Ad-Hoc|Any CPU.ActiveCfg = Debug|Any CPU
		{88E8B769-784B-4D89-9C7B-2967C9126270}.Ad-Hoc|Any CPU.Build.0 = Debug|Any CPU
		{88E8B769-784B-4D89-9C7B-2967C9126270}.Ad-Hoc|Any CPU.Deploy.0 = Debug|Any CPU
		{88E8B769-784B-4D89-9C7B-2967C9126270}.Ad-Hoc|iPhone.ActiveCfg = Debug|Any CPU
		{88E8B769-784B-4D89-9C7B-2967C9126270}.Ad-Hoc|iPhone.Build.0 = Debug|Any CPU
		{88E8B769-784B-4D89-9C7B-2967C9126270}.Ad-Hoc|iPhone.Deploy.0 = Debug|Any CPU
		{88E8B769-784B-4D89-9C7B-2967C9126270}.Ad-Hoc|iPhoneSimulator.ActiveCfg = Debug|Any CPU
		{88E8B769-784B-4D89-9C7B-2967C9126270}.Ad-Hoc|iPhoneSimulator.Build.0 = Debug|Any CPU
		{88E8B769-784B-4D89-9C7B-2967C9126270}.Ad-Hoc|iPhoneSimulator.Deploy.0 = Debug|Any CPU
		{88E8B769-784B-4D89-9C7B-2967C9126270}.AppStore|Any CPU.ActiveCfg = Debug|Any CPU
		{88E8B769-784B-4D89-9C7B-2967C9126270}.AppStore|Any CPU.Build.0 = Debug|Any CPU
		{88E8B769-784B-4D89-9C7B-2967C9126270}.AppStore|Any CPU.Deploy.0 = Debug|Any CPU
		{88E8B769-784B-4D89-9C7B-2967C9126270}.AppStore|iPhone.ActiveCfg = Debug|Any CPU
		{88E8B769-784B-4D89-9C7B-2967C9126270}.AppStore|iPhone.Build.0 = Debug|Any CPU
		{88E8B769-784B-4D89-9C7B-2967C9126270}.AppStore|iPhone.Deploy.0 = Debug|Any CPU
		{88E8B769-784B-4D89-9C7B-2967C9126270}.AppStore|iPhoneSimulator.ActiveCfg = Debug|Any CPU
		{88E8B769-784B-4D89-9C7B-2967C9126270}.AppStore|iPhoneSimulator.Build.0 = Debug|Any CPU
		{88E8B769-784B-4D89-9C7B-2967C9126270}.AppStore|iPhoneSimulator.Deploy.0 = Debug|Any CPU
		{88E8B769-784B-4D89-9C7B-2967C9126270}.Debug|Any CPU.ActiveCfg = Debug|Any CPU
		{88E8B769-784B-4D89-9C7B-2967C9126270}.Debug|Any CPU.Build.0 = Debug|Any CPU
		{88E8B769-784B-4D89-9C7B-2967C9126270}.Debug|Any CPU.Deploy.0 = Debug|Any CPU
		{88E8B769-784B-4D89-9C7B-2967C9126270}.Debug|iPhone.ActiveCfg = Debug|Any CPU
		{88E8B769-784B-4D89-9C7B-2967C9126270}.Debug|iPhone.Build.0 = Debug|Any CPU
		{88E8B769-784B-4D89-9C7B-2967C9126270}.Debug|iPhone.Deploy.0 = Debug|Any CPU
		{88E8B769-784B-4D89-9C7B-2967C9126270}.Debug|iPhoneSimulator.ActiveCfg = Debug|Any CPU
		{88E8B769-784B-4D89-9C7B-2967C9126270}.Debug|iPhoneSimulator.Build.0 = Debug|Any CPU
		{88E8B769-784B-4D89-9C7B-2967C9126270}.Debug|iPhoneSimulator.Deploy.0 = Debug|Any CPU
		{88E8B769-784B-4D89-9C7B-2967C9126270}.Release|Any CPU.ActiveCfg = Release|Any CPU
		{88E8B769-784B-4D89-9C7B-2967C9126270}.Release|Any CPU.Build.0 = Release|Any CPU
		{88E8B769-784B-4D89-9C7B-2967C9126270}.Release|Any CPU.Deploy.0 = Release|Any CPU
		{88E8B769-784B-4D89-9C7B-2967C9126270}.Release|iPhone.ActiveCfg = Release|Any CPU
		{88E8B769-784B-4D89-9C7B-2967C9126270}.Release|iPhone.Build.0 = Release|Any CPU
		{88E8B769-784B-4D89-9C7B-2967C9126270}.Release|iPhone.Deploy.0 = Release|Any CPU
		{88E8B769-784B-4D89-9C7B-2967C9126270}.Release|iPhoneSimulator.ActiveCfg = Release|Any CPU
		{88E8B769-784B-4D89-9C7B-2967C9126270}.Release|iPhoneSimulator.Build.0 = Release|Any CPU
		{88E8B769-784B-4D89-9C7B-2967C9126270}.Release|iPhoneSimulator.Deploy.0 = Release|Any CPU
	EndGlobalSection
	GlobalSection(SolutionProperties) = preSolution
		HideSolutionNode = FALSE
	EndGlobalSection
	GlobalSection(ExtensibilityGlobals) = postSolution
		SolutionGuid = {01ACF548-1F11-407D-9615-0D607D1BD764}
	EndGlobalSection
EndGlobal
